<?xml version="1.0" encoding="utf-8"?>
<Project ToolsVersion="4.0" xmlns="http://schemas.microsoft.com/developer/msbuild/2003">
  <ItemGroup>
    <Filter Include="Framework">
      <UniqueIdentifier>{4FC737F1-C7A5-4376-A066-2A32D752A2FF}</UniqueIdentifier>
      <Extensions>cpp;c;cc;cxx;c++;cppm;ixx;def;odl;idl;hpj;bat;asm;asmx</Extensions>
    </Filter>
    <Filter Include="Gameplay">
      <UniqueIdentifier>{fc54b3fb-77fd-4b2b-93f5-bda69135f455}</UniqueIdentifier>
    </Filter>
  </ItemGroup>
  <ItemGroup>
    <ClCompile Include="Main_Windows.cpp">
      <Filter>Framework</Filter>
    </ClCompile>
    <ClCompile Include="App.cpp">
      <Filter>Framework</Filter>
    </ClCompile>
    <ClCompile Include="Game.cpp">
      <Filter>Framework</Filter>
    </ClCompile>
    <ClCompile Include="GameCommon.cpp">
      <Filter>Framework</Filter>
    </ClCompile>
    <ClCompile Include="SpectatorCamera.cpp">
      <Filter>Gameplay</Filter>
    </ClCompile>
    <ClCompile Include="Block.cpp">
      <Filter>Gameplay</Filter>
    </ClCompile>
    <ClCompile Include="BlockDefinition.cpp">
      <Filter>Gameplay</Filter>
    </ClCompile>
    <ClCompile Include="Chunk.cpp">
      <Filter>Gameplay</Filter>
    </ClCompile>
    <ClCompile Include="World.cpp">
      <Filter>Gameplay</Filter>
    </ClCompile>
    <ClCompile Include="BlockIterator.cpp">
      <Filter>Gameplay</Filter>
    </ClCompile>
    <ClCompile Include="ChunkUtils.cpp">
      <Filter>Gameplay</Filter>
    </ClCompile>
    <ClCompile Include="ChunkFadeOutManager.cpp">
      <Filter>Framework</Filter>
    </ClCompile>
    <ClCompile Include="GameFloatCurve.cpp">
      <Filter>Framework</Filter>
    </ClCompile>
    <ClCompile Include="PCGParams.cpp">
      <Filter>Gameplay</Filter>
    </ClCompile>
    <ClCompile Include="Entity.cpp">
      <Filter>Gameplay</Filter>
    </ClCompile>
    <ClCompile Include="Player.cpp">
      <Filter>Gameplay</Filter>
    </ClCompile>
    <ClCompile Include="GameCamera.cpp">
      <Filter>Gameplay</Filter>
    </ClCompile>
    <ClCompile Include="BloomEffect.cpp">
      <Filter>Framework</Filter>
    </ClCompile>
    <ClCompile Include="LightningBolt.cpp">
      <Filter>Gameplay</Filter>
    </ClCompile>
    <ClCompile Include="LightningStrikeSystem.cpp">
      <Filter>Gameplay</Filter>
    </ClCompile>
    <ClCompile Include="RainParticleSystem.cpp">
      <Filter>Gameplay</Filter>
    </ClCompile>
  </ItemGroup>
  <ItemGroup>
    <ClInclude Include="App.hpp">
      <Filter>Framework</Filter>
    </ClInclude>
    <ClInclude Include="EngineBuildPreferences.hpp">
      <Filter>Framework</Filter>
    </ClInclude>
    <ClInclude Include="Game.hpp">
      <Filter>Framework</Filter>
    </ClInclude>
    <ClInclude Include="GameCommon.hpp">
      <Filter>Framework</Filter>
    </ClInclude>
    <ClInclude Include="SpectatorCamera.hpp">
      <Filter>Gameplay</Filter>
    </ClInclude>
    <ClInclude Include="Block.hpp">
      <Filter>Gameplay</Filter>
    </ClInclude>
    <ClInclude Include="BlockDefinition.hpp">
      <Filter>Gameplay</Filter>
    </ClInclude>
    <ClInclude Include="Chunk.hpp">
      <Filter>Gameplay</Filter>
    </ClInclude>
    <ClInclude Include="World.hpp">
      <Filter>Gameplay</Filter>
    </ClInclude>
    <ClInclude Include="ChunkUtils.hpp">
      <Filter>Gameplay</Filter>
    </ClInclude>
    <ClInclude Include="BlockIterator.hpp">
      <Filter>Gameplay</Filter>
    </ClInclude>
    <ClInclude Include="ChunkFadeOutManager.hpp">
      <Filter>Framework</Filter>
    </ClInclude>
    <ClInclude Include="PCGParams.hpp">
      <Filter>Gameplay</Filter>
    </ClInclude>
    <ClInclude Include="GameFloatCurve.hpp">
      <Filter>Framework</Filter>
    </ClInclude>
    <ClInclude Include="Player.hpp">
      <Filter>Gameplay</Filter>
    </ClInclude>
    <ClInclude Include="Entity.hpp">
      <Filter>Gameplay</Filter>
    </ClInclude>
    <ClInclude Include="GameCamera.hpp">
      <Filter>Gameplay</Filter>
    </ClInclude>
    <ClInclude Include="BloomEffect.hpp">
      <Filter>Framework</Filter>
    </ClInclude>
    <ClInclude Include="LightningBolt.hpp">
      <Filter>Gameplay</Filter>
    </ClInclude>
    <ClInclude Include="LightningStrikeSystem.hpp">
      <Filter>Gameplay</Filter>
    </ClInclude>
    <ClInclude Include="RainParticleSystem.hpp">
      <Filter>Gameplay</Filter>
    </ClInclude>
  </ItemGroup>
  <ItemGroup>
    <Xml Include="..\..\Run\Data\GameConfig.xml">
      <Filter>Framework</Filter>
    </Xml>
    <Xml Include="..\..\Run\Data\Definitions\BlockSpriteSheet_BlockDefinitions.xml">
      <Filter>Gameplay</Filter>
    </Xml>
  </ItemGroup>
</Project>